
Microsoft Visual Studio Solution File, Format Version 12.00
# Visual Studio Version 17
VisualStudioVersion = 17.1.32210.238
MinimumVisualStudioVersion = 10.0.40219.1
Project("{FAE04EC0-301F-11D3-BF4B-00C04F79EFBC}") = "TelegramTestBot", "TelegramTestBot\TelegramTestBot.csproj", "{91E151BA-3D8C-47A5-ADDB-6CC8601659CD}"
EndProject
Global
	GlobalSection(SolutionConfigurationPlatforms) = preSolution
		Debug|Any CPU = Debug|Any CPU
		Release|Any CPU = Release|Any CPU
	EndGlobalSection
	GlobalSection(ProjectConfigurationPlatforms) = postSolution
		{91E151BA-3D8C-47A5-ADDB-6CC8601659CD}.Debug|Any CPU.ActiveCfg = Debug|Any CPU
		{91E151BA-3D8C-47A5-ADDB-6CC8601659CD}.Debug|Any CPU.Build.0 = Debug|Any CPU
		{91E151BA-3D8C-47A5-ADDB-6CC8601659CD}.Release|Any CPU.ActiveCfg = Release|Any CPU
		{91E151BA-3D8C-47A5-ADDB-6CC8601659CD}.Release|Any CPU.Build.0 = Release|Any CPU
	EndGlobalSection
	GlobalSection(SolutionProperties) = preSolution
		HideSolutionNode = FALSE
	EndGlobalSection
	GlobalSection(ExtensibilityGlobals) = postSolution
		SolutionGuid = {7E25718F-989C-49D4-B852-7D15719071A5}
	EndGlobalSection
EndGlobal
